// !$*UTF8*$!
{
	archiveVersion = 1;
	classes = {
	};
	objectVersion = 48;
	objects = {

/* Begin PBXBuildFile section */
		322EB43462754C83AA02F5A5 /* Pods_Uber_Clone.framework in Frameworks */ = {isa = PBXBuildFile; fileRef = 14B3563F5F9F91E2DE331193 /* Pods_Uber_Clone.framework */; };
		4F0522E8D1683CB00BCB280C /* Pods_Uber_CloneUITests.framework in Frameworks */ = {isa = PBXBuildFile; fileRef = 8588FA7810F5DB0F5C0A2873 /* Pods_Uber_CloneUITests.framework */; };
		95C14F55A9339EBCD093686B /* Pods_Uber_CloneTests.framework in Frameworks */ = {isa = PBXBuildFile; fileRef = 572557E47372E7F0CCEC7933 /* Pods_Uber_CloneTests.framework */; };
		C558AD8420553E400076FCB1 /* ChoosePlaceTableViewCell.swift in Sources */ = {isa = PBXBuildFile; fileRef = C558AD8320553E400076FCB1 /* ChoosePlaceTableViewCell.swift */; };
		C576B36C205303D10039F223 /* UIView+shadow.swift in Sources */ = {isa = PBXBuildFile; fileRef = C576B36B205303D10039F223 /* UIView+shadow.swift */; };
		C592A5882040337600C6810F /* User.swift in Sources */ = {isa = PBXBuildFile; fileRef = C592A5872040337600C6810F /* User.swift */; };
		C592A58B204035F000C6810F /* Utils.swift in Sources */ = {isa = PBXBuildFile; fileRef = C592A58A204035F000C6810F /* Utils.swift */; };
		C5C3C3D7203C250000671E8A /* ubertexticon.png in Resources */ = {isa = PBXBuildFile; fileRef = C5C3C3D6203C250000671E8A /* ubertexticon.png */; };
		C5D541A02041EF260000D7CC /* MapContainerViewController.swift in Sources */ = {isa = PBXBuildFile; fileRef = C5D5419F2041EF260000D7CC /* MapContainerViewController.swift */; };
		C5EBBF9E203AB68F00462CE2 /* uber icon.png in Resources */ = {isa = PBXBuildFile; fileRef = C5EBBF9D203AB68F00462CE2 /* uber icon.png */; };
		C5EBBFA0203ABCCE00462CE2 /* MapViewController.swift in Sources */ = {isa = PBXBuildFile; fileRef = C5EBBF9F203ABCCE00462CE2 /* MapViewController.swift */; };
		C5EBBFA6203AF53400462CE2 /* FirstViewController.swift in Sources */ = {isa = PBXBuildFile; fileRef = C5EBBFA5203AF53400462CE2 /* FirstViewController.swift */; };
		C5EBBFA8203AF75300462CE2 /* AnimationDelegate.swift in Sources */ = {isa = PBXBuildFile; fileRef = C5EBBFA7203AF75300462CE2 /* AnimationDelegate.swift */; };
		C5EBBFAE203B48FE00462CE2 /* CircularTransitionPush.swift in Sources */ = {isa = PBXBuildFile; fileRef = C5EBBFAD203B48FE00462CE2 /* CircularTransitionPush.swift */; };
		C5F195D02038030C00823EEE /* AppDelegate.swift in Sources */ = {isa = PBXBuildFile; fileRef = C5F195CF2038030C00823EEE /* AppDelegate.swift */; };
		C5F195D22038030C00823EEE /* LoginViewController.swift in Sources */ = {isa = PBXBuildFile; fileRef = C5F195D12038030C00823EEE /* LoginViewController.swift */; };
		C5F195D52038030C00823EEE /* Main.storyboard in Resources */ = {isa = PBXBuildFile; fileRef = C5F195D32038030C00823EEE /* Main.storyboard */; };
		C5F195D72038030C00823EEE /* Assets.xcassets in Resources */ = {isa = PBXBuildFile; fileRef = C5F195D62038030C00823EEE /* Assets.xcassets */; };
		C5F195DA2038030C00823EEE /* LaunchScreen.storyboard in Resources */ = {isa = PBXBuildFile; fileRef = C5F195D82038030C00823EEE /* LaunchScreen.storyboard */; };
		C5F195E52038030C00823EEE /* Uber_CloneTests.swift in Sources */ = {isa = PBXBuildFile; fileRef = C5F195E42038030C00823EEE /* Uber_CloneTests.swift */; };
		C5F195F02038030C00823EEE /* Uber_CloneUITests.swift in Sources */ = {isa = PBXBuildFile; fileRef = C5F195EF2038030C00823EEE /* Uber_CloneUITests.swift */; };
/* End PBXBuildFile section */

/* Begin PBXContainerItemProxy section */
		C5F195E12038030C00823EEE /* PBXContainerItemProxy */ = {
			isa = PBXContainerItemProxy;
			containerPortal = C5F195C42038030B00823EEE /* Project object */;
			proxyType = 1;
			remoteGlobalIDString = C5F195CB2038030B00823EEE;
			remoteInfo = "Uber Clone";
		};
		C5F195EC2038030C00823EEE /* PBXContainerItemProxy */ = {
			isa = PBXContainerItemProxy;
			containerPortal = C5F195C42038030B00823EEE /* Project object */;
			proxyType = 1;
			remoteGlobalIDString = C5F195CB2038030B00823EEE;
			remoteInfo = "Uber Clone";
		};
/* End PBXContainerItemProxy section */

/* Begin PBXFileReference section */
		14B3563F5F9F91E2DE331193 /* Pods_Uber_Clone.framework */ = {isa = PBXFileReference; explicitFileType = wrapper.framework; includeInIndex = 0; path = Pods_Uber_Clone.framework; sourceTree = BUILT_PRODUCTS_DIR; };
		1D52CEFF54242D92832FA3B4 /* Pods-Uber Clone.debug.xcconfig */ = {isa = PBXFileReference; includeInIndex = 1; lastKnownFileType = text.xcconfig; name = "Pods-Uber Clone.debug.xcconfig"; path = "Pods/Target Support Files/Pods-Uber Clone/Pods-Uber Clone.debug.xcconfig"; sourceTree = "<group>"; };
		4F703F415DDD07843A302CE3 /* Pods-Uber Clone.release.xcconfig */ = {isa = PBXFileReference; includeInIndex = 1; lastKnownFileType = text.xcconfig; name = "Pods-Uber Clone.release.xcconfig"; path = "Pods/Target Support Files/Pods-Uber Clone/Pods-Uber Clone.release.xcconfig"; sourceTree = "<group>"; };
		572557E47372E7F0CCEC7933 /* Pods_Uber_CloneTests.framework */ = {isa = PBXFileReference; explicitFileType = wrapper.framework; includeInIndex = 0; path = Pods_Uber_CloneTests.framework; sourceTree = BUILT_PRODUCTS_DIR; };
		57EE3F3ADD82E9CE75D30CDA /* Pods-Uber CloneUITests.release.xcconfig */ = {isa = PBXFileReference; includeInIndex = 1; lastKnownFileType = text.xcconfig; name = "Pods-Uber CloneUITests.release.xcconfig"; path = "Pods/Target Support Files/Pods-Uber CloneUITests/Pods-Uber CloneUITests.release.xcconfig"; sourceTree = "<group>"; };
		5A74232A6A5648CC9235B057 /* Pods-Uber CloneTests.debug.xcconfig */ = {isa = PBXFileReference; includeInIndex = 1; lastKnownFileType = text.xcconfig; name = "Pods-Uber CloneTests.debug.xcconfig"; path = "Pods/Target Support Files/Pods-Uber CloneTests/Pods-Uber CloneTests.debug.xcconfig"; sourceTree = "<group>"; };
		8588FA7810F5DB0F5C0A2873 /* Pods_Uber_CloneUITests.framework */ = {isa = PBXFileReference; explicitFileType = wrapper.framework; includeInIndex = 0; path = Pods_Uber_CloneUITests.framework; sourceTree = BUILT_PRODUCTS_DIR; };
		AFC4C85F7E763876709E0390 /* Pods-Uber CloneTests.release.xcconfig */ = {isa = PBXFileReference; includeInIndex = 1; lastKnownFileType = text.xcconfig; name = "Pods-Uber CloneTests.release.xcconfig"; path = "Pods/Target Support Files/Pods-Uber CloneTests/Pods-Uber CloneTests.release.xcconfig"; sourceTree = "<group>"; };
		BE3F02DE4214D16E7D76F262 /* Pods-Uber CloneUITests.debug.xcconfig */ = {isa = PBXFileReference; includeInIndex = 1; lastKnownFileType = text.xcconfig; name = "Pods-Uber CloneUITests.debug.xcconfig"; path = "Pods/Target Support Files/Pods-Uber CloneUITests/Pods-Uber CloneUITests.debug.xcconfig"; sourceTree = "<group>"; };
		C558AD8320553E400076FCB1 /* ChoosePlaceTableViewCell.swift */ = {isa = PBXFileReference; lastKnownFileType = sourcecode.swift; path = ChoosePlaceTableViewCell.swift; sourceTree = "<group>"; };
		C576B36B205303D10039F223 /* UIView+shadow.swift */ = {isa = PBXFileReference; lastKnownFileType = sourcecode.swift; path = "UIView+shadow.swift"; sourceTree = "<group>"; };
		C592A5872040337600C6810F /* User.swift */ = {isa = PBXFileReference; lastKnownFileType = sourcecode.swift; path = User.swift; sourceTree = "<group>"; };
		C592A58A204035F000C6810F /* Utils.swift */ = {isa = PBXFileReference; lastKnownFileType = sourcecode.swift; path = Utils.swift; sourceTree = "<group>"; };
		C5C3C3D6203C250000671E8A /* ubertexticon.png */ = {isa = PBXFileReference; lastKnownFileType = image.png; path = ubertexticon.png; sourceTree = "<group>"; };
		C5D5419F2041EF260000D7CC /* MapContainerViewController.swift */ = {isa = PBXFileReference; lastKnownFileType = sourcecode.swift; path = MapContainerViewController.swift; sourceTree = "<group>"; };
		C5EBBF9D203AB68F00462CE2 /* uber icon.png */ = {isa = PBXFileReference; lastKnownFileType = image.png; path = "uber icon.png"; sourceTree = "<group>"; };
		C5EBBF9F203ABCCE00462CE2 /* MapViewController.swift */ = {isa = PBXFileReference; lastKnownFileType = sourcecode.swift; path = MapViewController.swift; sourceTree = "<group>"; };
		C5EBBFA5203AF53400462CE2 /* FirstViewController.swift */ = {isa = PBXFileReference; lastKnownFileType = sourcecode.swift; path = FirstViewController.swift; sourceTree = "<group>"; };
		C5EBBFA7203AF75300462CE2 /* AnimationDelegate.swift */ = {isa = PBXFileReference; lastKnownFileType = sourcecode.swift; path = AnimationDelegate.swift; sourceTree = "<group>"; };
		C5EBBFAD203B48FE00462CE2 /* CircularTransitionPush.swift */ = {isa = PBXFileReference; lastKnownFileType = sourcecode.swift; path = CircularTransitionPush.swift; sourceTree = "<group>"; };
		C5F195CC2038030C00823EEE /* Uber Clone.app */ = {isa = PBXFileReference; explicitFileType = wrapper.application; includeInIndex = 0; path = "Uber Clone.app"; sourceTree = BUILT_PRODUCTS_DIR; };
		C5F195CF2038030C00823EEE /* AppDelegate.swift */ = {isa = PBXFileReference; lastKnownFileType = sourcecode.swift; path = AppDelegate.swift; sourceTree = "<group>"; };
		C5F195D12038030C00823EEE /* LoginViewController.swift */ = {isa = PBXFileReference; lastKnownFileType = sourcecode.swift; path = LoginViewController.swift; sourceTree = "<group>"; };
		C5F195D42038030C00823EEE /* Base */ = {isa = PBXFileReference; lastKnownFileType = file.storyboard; name = Base; path = Base.lproj/Main.storyboard; sourceTree = "<group>"; };
		C5F195D62038030C00823EEE /* Assets.xcassets */ = {isa = PBXFileReference; lastKnownFileType = folder.assetcatalog; path = Assets.xcassets; sourceTree = "<group>"; };
		C5F195D92038030C00823EEE /* Base */ = {isa = PBXFileReference; lastKnownFileType = file.storyboard; name = Base; path = Base.lproj/LaunchScreen.storyboard; sourceTree = "<group>"; };
		C5F195DB2038030C00823EEE /* Info.plist */ = {isa = PBXFileReference; lastKnownFileType = text.plist.xml; path = Info.plist; sourceTree = "<group>"; };
		C5F195E02038030C00823EEE /* Uber CloneTests.xctest */ = {isa = PBXFileReference; explicitFileType = wrapper.cfbundle; includeInIndex = 0; path = "Uber CloneTests.xctest"; sourceTree = BUILT_PRODUCTS_DIR; };
		C5F195E42038030C00823EEE /* Uber_CloneTests.swift */ = {isa = PBXFileReference; lastKnownFileType = sourcecode.swift; path = Uber_CloneTests.swift; sourceTree = "<group>"; };
		C5F195E62038030C00823EEE /* Info.plist */ = {isa = PBXFileReference; lastKnownFileType = text.plist.xml; path = Info.plist; sourceTree = "<group>"; };
		C5F195EB2038030C00823EEE /* Uber CloneUITests.xctest */ = {isa = PBXFileReference; explicitFileType = wrapper.cfbundle; includeInIndex = 0; path = "Uber CloneUITests.xctest"; sourceTree = BUILT_PRODUCTS_DIR; };
		C5F195EF2038030C00823EEE /* Uber_CloneUITests.swift */ = {isa = PBXFileReference; lastKnownFileType = sourcecode.swift; path = Uber_CloneUITests.swift; sourceTree = "<group>"; };
		C5F195F12038030C00823EEE /* Info.plist */ = {isa = PBXFileReference; lastKnownFileType = text.plist.xml; path = Info.plist; sourceTree = "<group>"; };
/* End PBXFileReference section */

/* Begin PBXFrameworksBuildPhase section */
		C5F195C92038030B00823EEE /* Frameworks */ = {
			isa = PBXFrameworksBuildPhase;
			buildActionMask = 2147483647;
			files = (
				322EB43462754C83AA02F5A5 /* Pods_Uber_Clone.framework in Frameworks */,
			);
			runOnlyForDeploymentPostprocessing = 0;
		};
		C5F195DD2038030C00823EEE /* Frameworks */ = {
			isa = PBXFrameworksBuildPhase;
			buildActionMask = 2147483647;
			files = (
				95C14F55A9339EBCD093686B /* Pods_Uber_CloneTests.framework in Frameworks */,
			);
			runOnlyForDeploymentPostprocessing = 0;
		};
		C5F195E82038030C00823EEE /* Frameworks */ = {
			isa = PBXFrameworksBuildPhase;
			buildActionMask = 2147483647;
			files = (
				4F0522E8D1683CB00BCB280C /* Pods_Uber_CloneUITests.framework in Frameworks */,
			);
			runOnlyForDeploymentPostprocessing = 0;
		};
/* End PBXFrameworksBuildPhase section */

/* Begin PBXGroup section */
		82E07763D356876969B208A2 /* Pods */ = {
			isa = PBXGroup;
			children = (
				1D52CEFF54242D92832FA3B4 /* Pods-Uber Clone.debug.xcconfig */,
				4F703F415DDD07843A302CE3 /* Pods-Uber Clone.release.xcconfig */,
				5A74232A6A5648CC9235B057 /* Pods-Uber CloneTests.debug.xcconfig */,
				AFC4C85F7E763876709E0390 /* Pods-Uber CloneTests.release.xcconfig */,
				BE3F02DE4214D16E7D76F262 /* Pods-Uber CloneUITests.debug.xcconfig */,
				57EE3F3ADD82E9CE75D30CDA /* Pods-Uber CloneUITests.release.xcconfig */,
			);
			name = Pods;
			sourceTree = "<group>";
		};
		8A0BA21159DBA43A2EE2458B /* Frameworks */ = {
			isa = PBXGroup;
			children = (
				14B3563F5F9F91E2DE331193 /* Pods_Uber_Clone.framework */,
				572557E47372E7F0CCEC7933 /* Pods_Uber_CloneTests.framework */,
				8588FA7810F5DB0F5C0A2873 /* Pods_Uber_CloneUITests.framework */,
			);
			name = Frameworks;
			sourceTree = "<group>";
		};
		C558AD8520553E4C0076FCB1 /* tableViewCells */ = {
			isa = PBXGroup;
			children = (
				C558AD8320553E400076FCB1 /* ChoosePlaceTableViewCell.swift */,
			);
			path = tableViewCells;
			sourceTree = "<group>";
		};
		C558AD8620553F120076FCB1 /* utils */ = {
			isa = PBXGroup;
			children = (
				C5EBBFA7203AF75300462CE2 /* AnimationDelegate.swift */,
				C5EBBFAD203B48FE00462CE2 /* CircularTransitionPush.swift */,
				C592A58A204035F000C6810F /* Utils.swift */,
			);
			path = utils;
			sourceTree = "<group>";
		};
		C576B36A205303B70039F223 /* extensions */ = {
			isa = PBXGroup;
			children = (
				C576B36B205303D10039F223 /* UIView+shadow.swift */,
			);
			path = extensions;
			sourceTree = "<group>";
		};
		C592A5862040335A00C6810F /* models */ = {
			isa = PBXGroup;
			children = (
				C592A5872040337600C6810F /* User.swift */,
			);
			path = models;
			sourceTree = "<group>";
		};
		C592A589204033FC00C6810F /* viewControllers */ = {
			isa = PBXGroup;
			children = (
				C5F195D12038030C00823EEE /* LoginViewController.swift */,
				C5EBBFA5203AF53400462CE2 /* FirstViewController.swift */,
				C5D5419F2041EF260000D7CC /* MapContainerViewController.swift */,
				C5EBBF9F203ABCCE00462CE2 /* MapViewController.swift */,
			);
			path = viewControllers;
			sourceTree = "<group>";
		};
		C5F195C32038030B00823EEE = {
			isa = PBXGroup;
			children = (
				C5F195CE2038030C00823EEE /* Uber Clone */,
				C5F195E32038030C00823EEE /* Uber CloneTests */,
				C5F195EE2038030C00823EEE /* Uber CloneUITests */,
				C5F195CD2038030C00823EEE /* Products */,
				82E07763D356876969B208A2 /* Pods */,
				8A0BA21159DBA43A2EE2458B /* Frameworks */,
			);
			sourceTree = "<group>";
		};
		C5F195CD2038030C00823EEE /* Products */ = {
			isa = PBXGroup;
			children = (
				C5F195CC2038030C00823EEE /* Uber Clone.app */,
				C5F195E02038030C00823EEE /* Uber CloneTests.xctest */,
				C5F195EB2038030C00823EEE /* Uber CloneUITests.xctest */,
			);
			name = Products;
			sourceTree = "<group>";
		};
		C5F195CE2038030C00823EEE /* Uber Clone */ = {
			isa = PBXGroup;
			children = (
				C576B36A205303B70039F223 /* extensions */,
				C592A589204033FC00C6810F /* viewControllers */,
				C592A5862040335A00C6810F /* models */,
				C558AD8520553E4C0076FCB1 /* tableViewCells */,
				C558AD8620553F120076FCB1 /* utils */,
				C5F195D82038030C00823EEE /* LaunchScreen.storyboard */,
				C5F195D32038030C00823EEE /* Main.storyboard */,
				C5F195CF2038030C00823EEE /* AppDelegate.swift */,
				C5F195DB2038030C00823EEE /* Info.plist */,
				C5F195D62038030C00823EEE /* Assets.xcassets */,
				C5EBBF9D203AB68F00462CE2 /* uber icon.png */,
				C5C3C3D6203C250000671E8A /* ubertexticon.png */,
			);
			path = "Uber Clone";
			sourceTree = "<group>";
		};
		C5F195E32038030C00823EEE /* Uber CloneTests */ = {
			isa = PBXGroup;
			children = (
				C5F195E42038030C00823EEE /* Uber_CloneTests.swift */,
				C5F195E62038030C00823EEE /* Info.plist */,
			);
			path = "Uber CloneTests";
			sourceTree = "<group>";
		};
		C5F195EE2038030C00823EEE /* Uber CloneUITests */ = {
			isa = PBXGroup;
			children = (
				C5F195EF2038030C00823EEE /* Uber_CloneUITests.swift */,
				C5F195F12038030C00823EEE /* Info.plist */,
			);
			path = "Uber CloneUITests";
			sourceTree = "<group>";
		};
/* End PBXGroup section */

/* Begin PBXNativeTarget section */
		C5F195CB2038030B00823EEE /* Uber Clone */ = {
			isa = PBXNativeTarget;
			buildConfigurationList = C5F195F42038030C00823EEE /* Build configuration list for PBXNativeTarget "Uber Clone" */;
			buildPhases = (
				905D34263961E27D34F39583 /* [CP] Check Pods Manifest.lock */,
				C5F195C82038030B00823EEE /* Sources */,
				C5F195C92038030B00823EEE /* Frameworks */,
				C5F195CA2038030B00823EEE /* Resources */,
				0C66F104256312FECEEEE20F /* [CP] Embed Pods Frameworks */,
				FFEEB0ED10706541AC264C70 /* [CP] Copy Pods Resources */,
			);
			buildRules = (
			);
			dependencies = (
			);
			name = "Uber Clone";
			productName = "Uber Clone";
			productReference = C5F195CC2038030C00823EEE /* Uber Clone.app */;
			productType = "com.apple.product-type.application";
		};
		C5F195DF2038030C00823EEE /* Uber CloneTests */ = {
			isa = PBXNativeTarget;
			buildConfigurationList = C5F195F72038030C00823EEE /* Build configuration list for PBXNativeTarget "Uber CloneTests" */;
			buildPhases = (
				1D8B9225CC66C19B2FDA584D /* [CP] Check Pods Manifest.lock */,
				C5F195DC2038030C00823EEE /* Sources */,
				C5F195DD2038030C00823EEE /* Frameworks */,
				C5F195DE2038030C00823EEE /* Resources */,
				B2C5CDFEAAD4780B341E223E /* [CP] Embed Pods Frameworks */,
				DCA3F4C80C25F9DF5A07BFB3 /* [CP] Copy Pods Resources */,
			);
			buildRules = (
			);
			dependencies = (
				C5F195E22038030C00823EEE /* PBXTargetDependency */,
			);
			name = "Uber CloneTests";
			productName = "Uber CloneTests";
			productReference = C5F195E02038030C00823EEE /* Uber CloneTests.xctest */;
			productType = "com.apple.product-type.bundle.unit-test";
		};
		C5F195EA2038030C00823EEE /* Uber CloneUITests */ = {
			isa = PBXNativeTarget;
			buildConfigurationList = C5F195FA2038030C00823EEE /* Build configuration list for PBXNativeTarget "Uber CloneUITests" */;
			buildPhases = (
				9BCDDE2301A6814960C8C6D8 /* [CP] Check Pods Manifest.lock */,
				C5F195E72038030C00823EEE /* Sources */,
				C5F195E82038030C00823EEE /* Frameworks */,
				C5F195E92038030C00823EEE /* Resources */,
				DA1B33742400F8C72C38AD3D /* [CP] Embed Pods Frameworks */,
				B15B0EA2FEBCEB2D05D0FF81 /* [CP] Copy Pods Resources */,
			);
			buildRules = (
			);
			dependencies = (
				C5F195ED2038030C00823EEE /* PBXTargetDependency */,
			);
			name = "Uber CloneUITests";
			productName = "Uber CloneUITests";
			productReference = C5F195EB2038030C00823EEE /* Uber CloneUITests.xctest */;
			productType = "com.apple.product-type.bundle.ui-testing";
		};
/* End PBXNativeTarget section */

/* Begin PBXProject section */
		C5F195C42038030B00823EEE /* Project object */ = {
			isa = PBXProject;
			attributes = {
				LastSwiftUpdateCheck = 0920;
				LastUpgradeCheck = 0920;
				ORGANIZATIONNAME = "Abhishek Meher";
				TargetAttributes = {
					C5F195CB2038030B00823EEE = {
						CreatedOnToolsVersion = 9.2;
						ProvisioningStyle = Automatic;
					};
					C5F195DF2038030C00823EEE = {
						CreatedOnToolsVersion = 9.2;
						ProvisioningStyle = Automatic;
						TestTargetID = C5F195CB2038030B00823EEE;
					};
					C5F195EA2038030C00823EEE = {
						CreatedOnToolsVersion = 9.2;
						ProvisioningStyle = Automatic;
						TestTargetID = C5F195CB2038030B00823EEE;
					};
				};
			};
			buildConfigurationList = C5F195C72038030B00823EEE /* Build configuration list for PBXProject "Uber Clone" */;
			compatibilityVersion = "Xcode 8.0";
			developmentRegion = en;
			hasScannedForEncodings = 0;
			knownRegions = (
				en,
				Base,
			);
			mainGroup = C5F195C32038030B00823EEE;
			productRefGroup = C5F195CD2038030C00823EEE /* Products */;
			projectDirPath = "";
			projectRoot = "";
			targets = (
				C5F195CB2038030B00823EEE /* Uber Clone */,
				C5F195DF2038030C00823EEE /* Uber CloneTests */,
				C5F195EA2038030C00823EEE /* Uber CloneUITests */,
			);
		};
/* End PBXProject section */

/* Begin PBXResourcesBuildPhase section */
		C5F195CA2038030B00823EEE /* Resources */ = {
			isa = PBXResourcesBuildPhase;
			buildActionMask = 2147483647;
			files = (
				C5F195DA2038030C00823EEE /* LaunchScreen.storyboard in Resources */,
				C5F195D72038030C00823EEE /* Assets.xcassets in Resources */,
				C5F195D52038030C00823EEE /* Main.storyboard in Resources */,
				C5EBBF9E203AB68F00462CE2 /* uber icon.png in Resources */,
				C5C3C3D7203C250000671E8A /* ubertexticon.png in Resources */,
			);
			runOnlyForDeploymentPostprocessing = 0;
		};
		C5F195DE2038030C00823EEE /* Resources */ = {
			isa = PBXResourcesBuildPhase;
			buildActionMask = 2147483647;
			files = (
			);
			runOnlyForDeploymentPostprocessing = 0;
		};
		C5F195E92038030C00823EEE /* Resources */ = {
			isa = PBXResourcesBuildPhase;
			buildActionMask = 2147483647;
			files = (
			);
			runOnlyForDeploymentPostprocessing = 0;
		};
/* End PBXResourcesBuildPhase section */

/* Begin PBXShellScriptBuildPhase section */
		0C66F104256312FECEEEE20F /* [CP] Embed Pods Frameworks */ = {
			isa = PBXShellScriptBuildPhase;
			buildActionMask = 2147483647;
			files = (
			);
			inputPaths = (
				"${SRCROOT}/Pods/Target Support Files/Pods-Uber Clone/Pods-Uber Clone-frameworks.sh",
				"${BUILT_PRODUCTS_DIR}/Alamofire/Alamofire.framework",
			);
			name = "[CP] Embed Pods Frameworks";
			outputPaths = (
				"${TARGET_BUILD_DIR}/${FRAMEWORKS_FOLDER_PATH}/Alamofire.framework",
			);
			runOnlyForDeploymentPostprocessing = 0;
			shellPath = /bin/sh;
			shellScript = "\"${SRCROOT}/Pods/Target Support Files/Pods-Uber Clone/Pods-Uber Clone-frameworks.sh\"\n";
			showEnvVarsInLog = 0;
		};
		1D8B9225CC66C19B2FDA584D /* [CP] Check Pods Manifest.lock */ = {
			isa = PBXShellScriptBuildPhase;
			buildActionMask = 2147483647;
			files = (
			);
			inputPaths = (
				"${PODS_PODFILE_DIR_PATH}/Podfile.lock",
				"${PODS_ROOT}/Manifest.lock",
			);
			name = "[CP] Check Pods Manifest.lock";
			outputPaths = (
				"$(DERIVED_FILE_DIR)/Pods-Uber CloneTests-checkManifestLockResult.txt",
			);
			runOnlyForDeploymentPostprocessing = 0;
			shellPath = /bin/sh;
			shellScript = "diff \"${PODS_PODFILE_DIR_PATH}/Podfile.lock\" \"${PODS_ROOT}/Manifest.lock\" > /dev/null\nif [ $? != 0 ] ; then\n    # print error to STDERR\n    echo \"error: The sandbox is not in sync with the Podfile.lock. Run 'pod install' or update your CocoaPods installation.\" >&2\n    exit 1\nfi\n# This output is used by Xcode 'outputs' to avoid re-running this script phase.\necho \"SUCCESS\" > \"${SCRIPT_OUTPUT_FILE_0}\"\n";
			showEnvVarsInLog = 0;
		};
		905D34263961E27D34F39583 /* [CP] Check Pods Manifest.lock */ = {
			isa = PBXShellScriptBuildPhase;
			buildActionMask = 2147483647;
			files = (
			);
			inputPaths = (
				"${PODS_PODFILE_DIR_PATH}/Podfile.lock",
				"${PODS_ROOT}/Manifest.lock",
			);
			name = "[CP] Check Pods Manifest.lock";
			outputPaths = (
				"$(DERIVED_FILE_DIR)/Pods-Uber Clone-checkManifestLockResult.txt",
			);
			runOnlyForDeploymentPostprocessing = 0;
			shellPath = /bin/sh;
			shellScript = "diff \"${PODS_PODFILE_DIR_PATH}/Podfile.lock\" \"${PODS_ROOT}/Manifest.lock\" > /dev/null\nif [ $? != 0 ] ; then\n    # print error to STDERR\n    echo \"error: The sandbox is not in sync with the Podfile.lock. Run 'pod install' or update your CocoaPods installation.\" >&2\n    exit 1\nfi\n# This output is used by Xcode 'outputs' to avoid re-running this script phase.\necho \"SUCCESS\" > \"${SCRIPT_OUTPUT_FILE_0}\"\n";
			showEnvVarsInLog = 0;
		};
		9BCDDE2301A6814960C8C6D8 /* [CP] Check Pods Manifest.lock */ = {
			isa = PBXShellScriptBuildPhase;
			buildActionMask = 2147483647;
			files = (
			);
			inputPaths = (
				"${PODS_PODFILE_DIR_PATH}/Podfile.lock",
				"${PODS_ROOT}/Manifest.lock",
			);
			name = "[CP] Check Pods Manifest.lock";
			outputPaths = (
				"$(DERIVED_FILE_DIR)/Pods-Uber CloneUITests-checkManifestLockResult.txt",
			);
			runOnlyForDeploymentPostprocessing = 0;
			shellPath = /bin/sh;
			shellScript = "diff \"${PODS_PODFILE_DIR_PATH}/Podfile.lock\" \"${PODS_ROOT}/Manifest.lock\" > /dev/null\nif [ $? != 0 ] ; then\n    # print error to STDERR\n    echo \"error: The sandbox is not in sync with the Podfile.lock. Run 'pod install' or update your CocoaPods installation.\" >&2\n    exit 1\nfi\n# This output is used by Xcode 'outputs' to avoid re-running this script phase.\necho \"SUCCESS\" > \"${SCRIPT_OUTPUT_FILE_0}\"\n";
			showEnvVarsInLog = 0;
		};
		B15B0EA2FEBCEB2D05D0FF81 /* [CP] Copy Pods Resources */ = {
			isa = PBXShellScriptBuildPhase;
			buildActionMask = 2147483647;
			files = (
			);
			inputPaths = (
			);
			name = "[CP] Copy Pods Resources";
			outputPaths = (
			);
			runOnlyForDeploymentPostprocessing = 0;
			shellPath = /bin/sh;
			shellScript = "\"${SRCROOT}/Pods/Target Support Files/Pods-Uber CloneUITests/Pods-Uber CloneUITests-resources.sh\"\n";
			showEnvVarsInLog = 0;
		};
		B2C5CDFEAAD4780B341E223E /* [CP] Embed Pods Frameworks */ = {
			isa = PBXShellScriptBuildPhase;
			buildActionMask = 2147483647;
			files = (
			);
			inputPaths = (
			);
			name = "[CP] Embed Pods Frameworks";
			outputPaths = (
			);
			runOnlyForDeploymentPostprocessing = 0;
			shellPath = /bin/sh;
			shellScript = "\"${SRCROOT}/Pods/Target Support Files/Pods-Uber CloneTests/Pods-Uber CloneTests-frameworks.sh\"\n";
			showEnvVarsInLog = 0;
		};
		DA1B33742400F8C72C38AD3D /* [CP] Embed Pods Frameworks */ = {
			isa = PBXShellScriptBuildPhase;
			buildActionMask = 2147483647;
			files = (
			);
			inputPaths = (
			);
			name = "[CP] Embed Pods Frameworks";
			outputPaths = (
			);
			runOnlyForDeploymentPostprocessing = 0;
			shellPath = /bin/sh;
			shellScript = "\"${SRCROOT}/Pods/Target Support Files/Pods-Uber CloneUITests/Pods-Uber CloneUITests-frameworks.sh\"\n";
			showEnvVarsInLog = 0;
		};
		DCA3F4C80C25F9DF5A07BFB3 /* [CP] Copy Pods Resources */ = {
			isa = PBXShellScriptBuildPhase;
			buildActionMask = 2147483647;
			files = (
			);
			inputPaths = (
			);
			name = "[CP] Copy Pods Resources";
			outputPaths = (
			);
			runOnlyForDeploymentPostprocessing = 0;
			shellPath = /bin/sh;
			shellScript = "\"${SRCROOT}/Pods/Target Support Files/Pods-Uber CloneTests/Pods-Uber CloneTests-resources.sh\"\n";
			showEnvVarsInLog = 0;
		};
		FFEEB0ED10706541AC264C70 /* [CP] Copy Pods Resources */ = {
			isa = PBXShellScriptBuildPhase;
			buildActionMask = 2147483647;
			files = (
			);
			inputPaths = (
				"${SRCROOT}/Pods/Target Support Files/Pods-Uber Clone/Pods-Uber Clone-resources.sh",
				"${PODS_ROOT}/AccountKit/AccountKitStrings.bundle",
				"${PODS_ROOT}/GoogleMaps/Maps/Frameworks/GoogleMaps.framework/Resources/GoogleMaps.bundle",
				"${PODS_ROOT}/GooglePlaces/Frameworks/GooglePlaces.framework/Resources/GooglePlaces.bundle",
			);
			name = "[CP] Copy Pods Resources";
			outputPaths = (
				"${TARGET_BUILD_DIR}/${UNLOCALIZED_RESOURCES_FOLDER_PATH}/AccountKitStrings.bundle",
				"${TARGET_BUILD_DIR}/${UNLOCALIZED_RESOURCES_FOLDER_PATH}/GoogleMaps.bundle",
				"${TARGET_BUILD_DIR}/${UNLOCALIZED_RESOURCES_FOLDER_PATH}/GooglePlaces.bundle",
			);
			runOnlyForDeploymentPostprocessing = 0;
			shellPath = /bin/sh;
			shellScript = "\"${SRCROOT}/Pods/Target Support Files/Pods-Uber Clone/Pods-Uber Clone-resources.sh\"\n";
			showEnvVarsInLog = 0;
		};
/* End PBXShellScriptBuildPhase section */

/* Begin PBXSourcesBuildPhase section */
		C5F195C82038030B00823EEE /* Sources */ = {
			isa = PBXSourcesBuildPhase;
			buildActionMask = 2147483647;
			files = (
				C5EBBFA6203AF53400462CE2 /* FirstViewController.swift in Sources */,
				C5F195D22038030C00823EEE /* LoginViewController.swift in Sources */,
				C5D541A02041EF260000D7CC /* MapContainerViewController.swift in Sources */,
				C558AD8420553E400076FCB1 /* ChoosePlaceTableViewCell.swift in Sources */,
				C5F195D02038030C00823EEE /* AppDelegate.swift in Sources */,
				C5EBBFA8203AF75300462CE2 /* AnimationDelegate.swift in Sources */,
				C576B36C205303D10039F223 /* UIView+shadow.swift in Sources */,
				C5EBBFA0203ABCCE00462CE2 /* MapViewController.swift in Sources */,
				C5EBBFAE203B48FE00462CE2 /* CircularTransitionPush.swift in Sources */,
				C592A5882040337600C6810F /* User.swift in Sources */,
				C592A58B204035F000C6810F /* Utils.swift in Sources */,
			);
			runOnlyForDeploymentPostprocessing = 0;
		};
		C5F195DC2038030C00823EEE /* Sources */ = {
			isa = PBXSourcesBuildPhase;
			buildActionMask = 2147483647;
			files = (
				C5F195E52038030C00823EEE /* Uber_CloneTests.swift in Sources */,
			);
			runOnlyForDeploymentPostprocessing = 0;
		};
		C5F195E72038030C00823EEE /* Sources */ = {
			isa = PBXSourcesBuildPhase;
			buildActionMask = 2147483647;
			files = (
				C5F195F02038030C00823EEE /* Uber_CloneUITests.swift in Sources */,
			);
			runOnlyForDeploymentPostprocessing = 0;
		};
/* End PBXSourcesBuildPhase section */

/* Begin PBXTargetDependency section */
		C5F195E22038030C00823EEE /* PBXTargetDependency */ = {
			isa = PBXTargetDependency;
			target = C5F195CB2038030B00823EEE /* Uber Clone */;
			targetProxy = C5F195E12038030C00823EEE /* PBXContainerItemProxy */;
		};
		C5F195ED2038030C00823EEE /* PBXTargetDependency */ = {
			isa = PBXTargetDependency;
			target = C5F195CB2038030B00823EEE /* Uber Clone */;
			targetProxy = C5F195EC2038030C00823EEE /* PBXContainerItemProxy */;
		};
/* End PBXTargetDependency section */

/* Begin PBXVariantGroup section */
		C5F195D32038030C00823EEE /* Main.storyboard */ = {
			isa = PBXVariantGroup;
			children = (
				C5F195D42038030C00823EEE /* Base */,
			);
			name = Main.storyboard;
			sourceTree = "<group>";
		};
		C5F195D82038030C00823EEE /* LaunchScreen.storyboard */ = {
			isa = PBXVariantGroup;
			children = (
				C5F195D92038030C00823EEE /* Base */,
			);
			name = LaunchScreen.storyboard;
			sourceTree = "<group>";
		};
/* End PBXVariantGroup section */

/* Begin XCBuildConfiguration section */
		C5F195F22038030C00823EEE /* Debug */ = {
			isa = XCBuildConfiguration;
			buildSettings = {
				ALWAYS_SEARCH_USER_PATHS = NO;
				CLANG_ANALYZER_NONNULL = YES;
				CLANG_ANALYZER_NUMBER_OBJECT_CONVERSION = YES_AGGRESSIVE;
				CLANG_CXX_LANGUAGE_STANDARD = "gnu++14";
				CLANG_CXX_LIBRARY = "libc++";
				CLANG_ENABLE_MODULES = YES;
				CLANG_ENABLE_OBJC_ARC = YES;
				CLANG_WARN_BLOCK_CAPTURE_AUTORELEASING = YES;
				CLANG_WARN_BOOL_CONVERSION = YES;
				CLANG_WARN_COMMA = YES;
				CLANG_WARN_CONSTANT_CONVERSION = YES;
				CLANG_WARN_DIRECT_OBJC_ISA_USAGE = YES_ERROR;
				CLANG_WARN_DOCUMENTATION_COMMENTS = YES;
				CLANG_WARN_EMPTY_BODY = YES;
				CLANG_WARN_ENUM_CONVERSION = YES;
				CLANG_WARN_INFINITE_RECURSION = YES;
				CLANG_WARN_INT_CONVERSION = YES;
				CLANG_WARN_NON_LITERAL_NULL_CONVERSION = YES;
				CLANG_WARN_OBJC_LITERAL_CONVERSION = YES;
				CLANG_WARN_OBJC_ROOT_CLASS = YES_ERROR;
				CLANG_WARN_RANGE_LOOP_ANALYSIS = YES;
				CLANG_WARN_STRICT_PROTOTYPES = YES;
				CLANG_WARN_SUSPICIOUS_MOVE = YES;
				CLANG_WARN_UNGUARDED_AVAILABILITY = YES_AGGRESSIVE;
				CLANG_WARN_UNREACHABLE_CODE = YES;
				CLANG_WARN__DUPLICATE_METHOD_MATCH = YES;
				CODE_SIGN_IDENTITY = "iPhone Developer";
				COPY_PHASE_STRIP = NO;
				DEBUG_INFORMATION_FORMAT = dwarf;
				ENABLE_STRICT_OBJC_MSGSEND = YES;
				ENABLE_TESTABILITY = YES;
				GCC_C_LANGUAGE_STANDARD = gnu11;
				GCC_DYNAMIC_NO_PIC = NO;
				GCC_NO_COMMON_BLOCKS = YES;
				GCC_OPTIMIZATION_LEVEL = 0;
				GCC_PREPROCESSOR_DEFINITIONS = (
					"DEBUG=1",
					"$(inherited)",
				);
				GCC_WARN_64_TO_32_BIT_CONVERSION = YES;
				GCC_WARN_ABOUT_RETURN_TYPE = YES_ERROR;
				GCC_WARN_UNDECLARED_SELECTOR = YES;
				GCC_WARN_UNINITIALIZED_AUTOS = YES_AGGRESSIVE;
				GCC_WARN_UNUSED_FUNCTION = YES;
				GCC_WARN_UNUSED_VARIABLE = YES;
				IPHONEOS_DEPLOYMENT_TARGET = 11.2;
				MTL_ENABLE_DEBUG_INFO = YES;
				ONLY_ACTIVE_ARCH = YES;
				SDKROOT = iphoneos;
				SWIFT_ACTIVE_COMPILATION_CONDITIONS = DEBUG;
				SWIFT_OPTIMIZATION_LEVEL = "-Onone";
			};
			name = Debug;
		};
		C5F195F32038030C00823EEE /* Release */ = {
			isa = XCBuildConfiguration;
			buildSettings = {
				ALWAYS_SEARCH_USER_PATHS = NO;
				CLANG_ANALYZER_NONNULL = YES;
				CLANG_ANALYZER_NUMBER_OBJECT_CONVERSION = YES_AGGRESSIVE;
				CLANG_CXX_LANGUAGE_STANDARD = "gnu++14";
				CLANG_CXX_LIBRARY = "libc++";
				CLANG_ENABLE_MODULES = YES;
				CLANG_ENABLE_OBJC_ARC = YES;
				CLANG_WARN_BLOCK_CAPTURE_AUTORELEASING = YES;
				CLANG_WARN_BOOL_CONVERSION = YES;
				CLANG_WARN_COMMA = YES;
				CLANG_WARN_CONSTANT_CONVERSION = YES;
				CLANG_WARN_DIRECT_OBJC_ISA_USAGE = YES_ERROR;
				CLANG_WARN_DOCUMENTATION_COMMENTS = YES;
				CLANG_WARN_EMPTY_BODY = YES;
				CLANG_WARN_ENUM_CONVERSION = YES;
				CLANG_WARN_INFINITE_RECURSION = YES;
				CLANG_WARN_INT_CONVERSION = YES;
				CLANG_WARN_NON_LITERAL_NULL_CONVERSION = YES;
				CLANG_WARN_OBJC_LITERAL_CONVERSION = YES;
				CLANG_WARN_OBJC_ROOT_CLASS = YES_ERROR;
				CLANG_WARN_RANGE_LOOP_ANALYSIS = YES;
				CLANG_WARN_STRICT_PROTOTYPES = YES;
				CLANG_WARN_SUSPICIOUS_MOVE = YES;
				CLANG_WARN_UNGUARDED_AVAILABILITY = YES_AGGRESSIVE;
				CLANG_WARN_UNREACHABLE_CODE = YES;
				CLANG_WARN__DUPLICATE_METHOD_MATCH = YES;
				CODE_SIGN_IDENTITY = "iPhone Developer";
				COPY_PHASE_STRIP = NO;
				DEBUG_INFORMATION_FORMAT = "dwarf-with-dsym";
				ENABLE_NS_ASSERTIONS = NO;
				ENABLE_STRICT_OBJC_MSGSEND = YES;
				GCC_C_LANGUAGE_STANDARD = gnu11;
				GCC_NO_COMMON_BLOCKS = YES;
				GCC_WARN_64_TO_32_BIT_CONVERSION = YES;
				GCC_WARN_ABOUT_RETURN_TYPE = YES_ERROR;
				GCC_WARN_UNDECLARED_SELECTOR = YES;
				GCC_WARN_UNINITIALIZED_AUTOS = YES_AGGRESSIVE;
				GCC_WARN_UNUSED_FUNCTION = YES;
				GCC_WARN_UNUSED_VARIABLE = YES;
				IPHONEOS_DEPLOYMENT_TARGET = 11.2;
				MTL_ENABLE_DEBUG_INFO = NO;
				SDKROOT = iphoneos;
				SWIFT_OPTIMIZATION_LEVEL = "-Owholemodule";
				VALIDATE_PRODUCT = YES;
			};
			name = Release;
		};
		C5F195F52038030C00823EEE /* Debug */ = {
			isa = XCBuildConfiguration;
			baseConfigurationReference = 1D52CEFF54242D92832FA3B4 /* Pods-Uber Clone.debug.xcconfig */;
			buildSettings = {
				ASSETCATALOG_COMPILER_APPICON_NAME = AppIcon;
				CODE_SIGN_STYLE = Automatic;
				INFOPLIST_FILE = "Uber Clone/Info.plist";
				LD_RUNPATH_SEARCH_PATHS = "$(inherited) @executable_path/Frameworks";
				PRODUCT_BUNDLE_IDENTIFIER = "com.abhishek.Uber-Clone";
				PRODUCT_NAME = "$(TARGET_NAME)";
				SWIFT_VERSION = 4.0;
				TARGETED_DEVICE_FAMILY = "1,2";
			};
			name = Debug;
		};
		C5F195F62038030C00823EEE /* Release */ = {
			isa = XCBuildConfiguration;
			baseConfigurationReference = 4F703F415DDD07843A302CE3 /* Pods-Uber Clone.release.xcconfig */;
			buildSettings = {
				ASSETCATALOG_COMPILER_APPICON_NAME = AppIcon;
				CODE_SIGN_STYLE = Automatic;
				INFOPLIST_FILE = "Uber Clone/Info.plist";
				LD_RUNPATH_SEARCH_PATHS = "$(inherited) @executable_path/Frameworks";
				PRODUCT_BUNDLE_IDENTIFIER = "com.abhishek.Uber-Clone";
				PRODUCT_NAME = "$(TARGET_NAME)";
				SWIFT_VERSION = 4.0;
				TARGETED_DEVICE_FAMILY = "1,2";
			};
			name = Release;
		};
		C5F195F82038030C00823EEE /* Debug */ = {
			isa = XCBuildConfiguration;
			baseConfigurationReference = 5A74232A6A5648CC9235B057 /* Pods-Uber CloneTests.debug.xcconfig */;
			buildSettings = {
				ALWAYS_EMBED_SWIFT_STANDARD_LIBRARIES = YES;
				BUNDLE_LOADER = "$(TEST_HOST)";
				CODE_SIGN_STYLE = Automatic;
				INFOPLIST_FILE = "Uber CloneTests/Info.plist";
				LD_RUNPATH_SEARCH_PATHS = "$(inherited) @executable_path/Frameworks @loader_path/Frameworks";
				PRODUCT_BUNDLE_IDENTIFIER = "com.abhishek.Uber-CloneTests";
				PRODUCT_NAME = "$(TARGET_NAME)";
				SWIFT_VERSION = 4.0;
				TARGETED_DEVICE_FAMILY = "1,2";
				TEST_HOST = "$(BUILT_PRODUCTS_DIR)/Uber Clone.app/Uber Clone";
			};
			name = Debug;
		};
		C5F195F92038030C00823EEE /* Release */ = {
			isa = XCBuildConfiguration;
			baseConfigurationReference = AFC4C85F7E763876709E0390 /* Pods-Uber CloneTests.release.xcconfig */;
			buildSettings = {
				ALWAYS_EMBED_SWIFT_STANDARD_LIBRARIES = YES;
				BUNDLE_LOADER = "$(TEST_HOST)";
				CODE_SIGN_STYLE = Automatic;
				INFOPLIST_FILE = "Uber CloneTests/Info.plist";
				LD_RUNPATH_SEARCH_PATHS = "$(inherited) @executable_path/Frameworks @loader_path/Frameworks";
				PRODUCT_BUNDLE_IDENTIFIER = "com.abhishek.Uber-CloneTests";
				PRODUCT_NAME = "$(TARGET_NAME)";
				SWIFT_VERSION = 4.0;
				TARGETED_DEVICE_FAMILY = "1,2";
				TEST_HOST = "$(BUILT_PRODUCTS_DIR)/Uber Clone.app/Uber Clone";
			};
			name = Release;
		};
		C5F195FB2038030C00823EEE /* Debug */ = {
			isa = XCBuildConfiguration;
			baseConfigurationReference = BE3F02DE4214D16E7D76F262 /* Pods-Uber CloneUITests.debug.xcconfig */;
			buildSettings = {
				ALWAYS_EMBED_SWIFT_STANDARD_LIBRARIES = YES;
				CODE_SIGN_STYLE = Automatic;
				INFOPLIST_FILE = "Uber CloneUITests/Info.plist";
				LD_RUNPATH_SEARCH_PATHS = "$(inherited) @executable_path/Frameworks @loader_path/Frameworks";
				PRODUCT_BUNDLE_IDENTIFIER = "com.abhishek.Uber-CloneUITests";
				PRODUCT_NAME = "$(TARGET_NAME)";
				SWIFT_VERSION = 4.0;
				TARGETED_DEVICE_FAMILY = "1,2";
				TEST_TARGET_NAME = "Uber Clone";
			};
			name = Debug;
		};
		C5F195FC2038030C00823EEE /* Release */ = {
			isa = XCBuildConfiguration;
			baseConfigurationReference = 57EE3F3ADD82E9CE75D30CDA /* Pods-Uber CloneUITests.release.xcconfig */;
			buildSettings = {
				ALWAYS_EMBED_SWIFT_STANDARD_LIBRARIES = YES;
				CODE_SIGN_STYLE = Automatic;
				INFOPLIST_FILE = "Uber CloneUITests/Info.plist";
				LD_RUNPATH_SEARCH_PATHS = "$(inherited) @executable_path/Frameworks @loader_path/Frameworks";
				PRODUCT_BUNDLE_IDENTIFIER = "com.abhishek.Uber-CloneUITests";
				PRODUCT_NAME = "$(TARGET_NAME)";
				SWIFT_VERSION = 4.0;
				TARGETED_DEVICE_FAMILY = "1,2";
				TEST_TARGET_NAME = "Uber Clone";
			};
			name = Release;
		};
/* End XCBuildConfiguration section */

/* Begin XCConfigurationList section */
		C5F195C72038030B00823EEE /* Build configuration list for PBXProject "Uber Clone" */ = {
			isa = XCConfigurationList;
			buildConfigurations = (
				C5F195F22038030C00823EEE /* Debug */,
				C5F195F32038030C00823EEE /* Release */,
			);
			defaultConfigurationIsVisible = 0;
			defaultConfigurationName = Release;
		};
		C5F195F42038030C00823EEE /* Build configuration list for PBXNativeTarget "Uber Clone" */ = {
			isa = XCConfigurationList;
			buildConfigurations = (
				C5F195F52038030C00823EEE /* Debug */,
				C5F195F62038030C00823EEE /* Release */,
			);
			defaultConfigurationIsVisible = 0;
			defaultConfigurationName = Release;
		};
		C5F195F72038030C00823EEE /* Build configuration list for PBXNativeTarget "Uber CloneTests" */ = {
			isa = XCConfigurationList;
			buildConfigurations = (
				C5F195F82038030C00823EEE /* Debug */,
				C5F195F92038030C00823EEE /* Release */,
			);
			defaultConfigurationIsVisible = 0;
			defaultConfigurationName = Release;
		};
		C5F195FA2038030C00823EEE /* Build configuration list for PBXNativeTarget "Uber CloneUITests" */ = {
			isa = XCConfigurationList;
			buildConfigurations = (
				C5F195FB2038030C00823EEE /* Debug */,
				C5F195FC2038030C00823EEE /* Release */,
			);
			defaultConfigurationIsVisible = 0;
			defaultConfigurationName = Release;
		};
/* End XCConfigurationList section */
	};
	rootObject = C5F195C42038030B00823EEE /* Project object */;
}
